// !$*UTF8*$!
{
	archiveVersion = 1;
	classes = {
	};
	objectVersion = 56;
	objects = {

/* Begin PBXBuildFile section */
		043679632B2BB6660074A87A /* Double.swift in Sources */ = {isa = PBXBuildFile; fileRef = 043679622B2BB6660074A87A /* Double.swift */; };
		043679662B2BBFBB0074A87A /* CoinRow.swift in Sources */ = {isa = PBXBuildFile; fileRef = 043679652B2BBFBB0074A87A /* CoinRow.swift */; };
		04467B782B2A2A7E00DB0ABD /* Color.swift in Sources */ = {isa = PBXBuildFile; fileRef = 04467B772B2A2A7E00DB0ABD /* Color.swift */; };
		04467B7C2B2A36FF00DB0ABD /* CircleButton.swift in Sources */ = {isa = PBXBuildFile; fileRef = 04467B7B2B2A36FF00DB0ABD /* CircleButton.swift */; };
		04467B7E2B2A371800DB0ABD /* CircleButtonAnimation.swift in Sources */ = {isa = PBXBuildFile; fileRef = 04467B7D2B2A371800DB0ABD /* CircleButtonAnimation.swift */; };
		04467B842B2A390B00DB0ABD /* HomeView.swift in Sources */ = {isa = PBXBuildFile; fileRef = 04467B832B2A390B00DB0ABD /* HomeView.swift */; };
		04467B872B2A530200DB0ABD /* CoinModel.swift in Sources */ = {isa = PBXBuildFile; fileRef = 04467B862B2A530200DB0ABD /* CoinModel.swift */; };
		04C9967F2B29E37E005CDBB7 /* CryptoApplicationApp.swift in Sources */ = {isa = PBXBuildFile; fileRef = 04C9967E2B29E37E005CDBB7 /* CryptoApplicationApp.swift */; };
		04C996812B29E37E005CDBB7 /* ContentView.swift in Sources */ = {isa = PBXBuildFile; fileRef = 04C996802B29E37E005CDBB7 /* ContentView.swift */; };
		04C996862B29E37F005CDBB7 /* Preview Assets.xcassets in Resources */ = {isa = PBXBuildFile; fileRef = 04C996852B29E37F005CDBB7 /* Preview Assets.xcassets */; };
		04C9968E2B29E89C005CDBB7 /* Assets.xcassets in Resources */ = {isa = PBXBuildFile; fileRef = 04C9968D2B29E89C005CDBB7 /* Assets.xcassets */; };
/* End PBXBuildFile section */

/* Begin PBXFileReference section */
		043679622B2BB6660074A87A /* Double.swift */ = {isa = PBXFileReference; lastKnownFileType = sourcecode.swift; path = Double.swift; sourceTree = "<group>"; };
		043679652B2BBFBB0074A87A /* CoinRow.swift */ = {isa = PBXFileReference; lastKnownFileType = sourcecode.swift; path = CoinRow.swift; sourceTree = "<group>"; };
		04467B772B2A2A7E00DB0ABD /* Color.swift */ = {isa = PBXFileReference; lastKnownFileType = sourcecode.swift; path = Color.swift; sourceTree = "<group>"; };
		04467B7B2B2A36FF00DB0ABD /* CircleButton.swift */ = {isa = PBXFileReference; lastKnownFileType = sourcecode.swift; path = CircleButton.swift; sourceTree = "<group>"; };
		04467B7D2B2A371800DB0ABD /* CircleButtonAnimation.swift */ = {isa = PBXFileReference; lastKnownFileType = sourcecode.swift; path = CircleButtonAnimation.swift; sourceTree = "<group>"; };
		04467B832B2A390B00DB0ABD /* HomeView.swift */ = {isa = PBXFileReference; lastKnownFileType = sourcecode.swift; path = HomeView.swift; sourceTree = "<group>"; };
		04467B862B2A530200DB0ABD /* CoinModel.swift */ = {isa = PBXFileReference; lastKnownFileType = sourcecode.swift; path = CoinModel.swift; sourceTree = "<group>"; };
		04C9967B2B29E37E005CDBB7 /* CryptoApplication.app */ = {isa = PBXFileReference; explicitFileType = wrapper.application; includeInIndex = 0; path = CryptoApplication.app; sourceTree = BUILT_PRODUCTS_DIR; };
		04C9967E2B29E37E005CDBB7 /* CryptoApplicationApp.swift */ = {isa = PBXFileReference; lastKnownFileType = sourcecode.swift; path = CryptoApplicationApp.swift; sourceTree = "<group>"; };
		04C996802B29E37E005CDBB7 /* ContentView.swift */ = {isa = PBXFileReference; lastKnownFileType = sourcecode.swift; path = ContentView.swift; sourceTree = "<group>"; };
		04C996852B29E37F005CDBB7 /* Preview Assets.xcassets */ = {isa = PBXFileReference; lastKnownFileType = folder.assetcatalog; path = "Preview Assets.xcassets"; sourceTree = "<group>"; };
		04C9968C2B29E70F005CDBB7 /* Info.plist */ = {isa = PBXFileReference; lastKnownFileType = text.plist; path = Info.plist; sourceTree = "<group>"; };
		04C9968D2B29E89C005CDBB7 /* Assets.xcassets */ = {isa = PBXFileReference; lastKnownFileType = folder.assetcatalog; name = Assets.xcassets; path = ../../../../Downloads/Resources/Assets.xcassets; sourceTree = "<group>"; };
/* End PBXFileReference section */

/* Begin PBXFrameworksBuildPhase section */
		04C996782B29E37E005CDBB7 /* Frameworks */ = {
			isa = PBXFrameworksBuildPhase;
			buildActionMask = 2147483647;
			files = (
			);
			runOnlyForDeploymentPostprocessing = 0;
		};
/* End PBXFrameworksBuildPhase section */

/* Begin PBXGroup section */
		04467B762B2A2A6C00DB0ABD /* Extensions */ = {
			isa = PBXGroup;
			children = (
				04467B772B2A2A7E00DB0ABD /* Color.swift */,
				043679622B2BB6660074A87A /* Double.swift */,
			);
			path = Extensions;
			sourceTree = "<group>";
		};
		04467B792B2A36DB00DB0ABD /* Core */ = {
			isa = PBXGroup;
			children = (
				04467B7A2B2A36E600DB0ABD /* Components */,
			);
			path = Core;
			sourceTree = "<group>";
		};
		04467B7A2B2A36E600DB0ABD /* Components */ = {
			isa = PBXGroup;
			children = (
				04467B7F2B2A371E00DB0ABD /* CircleButton */,
				043679652B2BBFBB0074A87A /* CoinRow.swift */,
			);
			path = Components;
			sourceTree = "<group>";
		};
		04467B7F2B2A371E00DB0ABD /* CircleButton */ = {
			isa = PBXGroup;
			children = (
				04467B7B2B2A36FF00DB0ABD /* CircleButton.swift */,
				04467B7D2B2A371800DB0ABD /* CircleButtonAnimation.swift */,
			);
			path = CircleButton;
			sourceTree = "<group>";
		};
		04467B802B2A38DB00DB0ABD /* App */ = {
			isa = PBXGroup;
			children = (
				04467B822B2A38F300DB0ABD /* ViewModels */,
				04467B812B2A38EA00DB0ABD /* Views */,
			);
			path = App;
			sourceTree = "<group>";
		};
		04467B812B2A38EA00DB0ABD /* Views */ = {
			isa = PBXGroup;
			children = (
				04467B832B2A390B00DB0ABD /* HomeView.swift */,
			);
			path = Views;
			sourceTree = "<group>";
		};
		04467B822B2A38F300DB0ABD /* ViewModels */ = {
			isa = PBXGroup;
			children = (
			);
			path = ViewModels;
			sourceTree = "<group>";
		};
		04467B852B2A52DE00DB0ABD /* Models */ = {
			isa = PBXGroup;
			children = (
				04467B862B2A530200DB0ABD /* CoinModel.swift */,
			);
			path = Models;
			sourceTree = "<group>";
		};
		04C996722B29E37E005CDBB7 = {
			isa = PBXGroup;
			children = (
				04C9967D2B29E37E005CDBB7 /* CryptoApplication */,
				04C9967C2B29E37E005CDBB7 /* Products */,
			);
			sourceTree = "<group>";
		};
		04C9967C2B29E37E005CDBB7 /* Products */ = {
			isa = PBXGroup;
			children = (
				04C9967B2B29E37E005CDBB7 /* CryptoApplication.app */,
			);
			name = Products;
			sourceTree = "<group>";
		};
		04C9967D2B29E37E005CDBB7 /* CryptoApplication */ = {
			isa = PBXGroup;
			children = (
				04C9968C2B29E70F005CDBB7 /* Info.plist */,
				04C9967E2B29E37E005CDBB7 /* CryptoApplicationApp.swift */,
				04C996802B29E37E005CDBB7 /* ContentView.swift */,
				04467B762B2A2A6C00DB0ABD /* Extensions */,
				04467B852B2A52DE00DB0ABD /* Models */,
				04467B792B2A36DB00DB0ABD /* Core */,
				04467B802B2A38DB00DB0ABD /* App */,
				04C9968D2B29E89C005CDBB7 /* Assets.xcassets */,
				04C996842B29E37F005CDBB7 /* Preview Content */,
			);
			path = CryptoApplication;
			sourceTree = "<group>";
		};
		04C996842B29E37F005CDBB7 /* Preview Content */ = {
			isa = PBXGroup;
			children = (
				04C996852B29E37F005CDBB7 /* Preview Assets.xcassets */,
			);
			path = "Preview Content";
			sourceTree = "<group>";
		};
/* End PBXGroup section */

/* Begin PBXNativeTarget section */
		04C9967A2B29E37E005CDBB7 /* CryptoApplication */ = {
			isa = PBXNativeTarget;
			buildConfigurationList = 04C996892B29E37F005CDBB7 /* Build configuration list for PBXNativeTarget "CryptoApplication" */;
			buildPhases = (
				04C996772B29E37E005CDBB7 /* Sources */,
				04C996782B29E37E005CDBB7 /* Frameworks */,
				04C996792B29E37E005CDBB7 /* Resources */,
			);
			buildRules = (
			);
			dependencies = (
			);
			name = CryptoApplication;
			productName = CryptoApplication;
			productReference = 04C9967B2B29E37E005CDBB7 /* CryptoApplication.app */;
			productType = "com.apple.product-type.application";
		};
/* End PBXNativeTarget section */

/* Begin PBXProject section */
		04C996732B29E37E005CDBB7 /* Project object */ = {
			isa = PBXProject;
			attributes = {
				BuildIndependentTargetsInParallel = 1;
				LastSwiftUpdateCheck = 1500;
				LastUpgradeCheck = 1500;
				TargetAttributes = {
					04C9967A2B29E37E005CDBB7 = {
						CreatedOnToolsVersion = 15.0;
					};
				};
			};
			buildConfigurationList = 04C996762B29E37E005CDBB7 /* Build configuration list for PBXProject "CryptoApplication" */;
			compatibilityVersion = "Xcode 14.0";
			developmentRegion = en;
			hasScannedForEncodings = 0;
			knownRegions = (
				en,
				Base,
			);
			mainGroup = 04C996722B29E37E005CDBB7;
			productRefGroup = 04C9967C2B29E37E005CDBB7 /* Products */;
			projectDirPath = "";
			projectRoot = "";
			targets = (
				04C9967A2B29E37E005CDBB7 /* CryptoApplication */,
			);
		};
/* End PBXProject section */

/* Begin PBXResourcesBuildPhase section */
		04C996792B29E37E005CDBB7 /* Resources */ = {
			isa = PBXResourcesBuildPhase;
			buildActionMask = 2147483647;
			files = (
				04C996862B29E37F005CDBB7 /* Preview Assets.xcassets in Resources */,
				04C9968E2B29E89C005CDBB7 /* Assets.xcassets in Resources */,
			);
			runOnlyForDeploymentPostprocessing = 0;
		};
/* End PBXResourcesBuildPhase section */

/* Begin PBXSourcesBuildPhase section */
		04C996772B29E37E005CDBB7 /* Sources */ = {
			isa = PBXSourcesBuildPhase;
			buildActionMask = 2147483647;
			files = (
				04C996812B29E37E005CDBB7 /* ContentView.swift in Sources */,
				04C9967F2B29E37E005CDBB7 /* CryptoApplicationApp.swift in Sources */,
				043679632B2BB6660074A87A /* Double.swift in Sources */,
				04467B7E2B2A371800DB0ABD /* CircleButtonAnimation.swift in Sources */,
				04467B842B2A390B00DB0ABD /* HomeView.swift in Sources */,
				04467B782B2A2A7E00DB0ABD /* Color.swift in Sources */,
				043679662B2BBFBB0074A87A /* CoinRow.swift in Sources */,
				04467B7C2B2A36FF00DB0ABD /* CircleButton.swift in Sources */,
				04467B872B2A530200DB0ABD /* CoinModel.swift in Sources */,
			);
			runOnlyForDeploymentPostprocessing = 0;
		};
/* End PBXSourcesBuildPhase section */

/* Begin XCBuildConfiguration section */
		04C996872B29E37F005CDBB7 /* Debug */ = {
			isa = XCBuildConfiguration;
			buildSettings = {
				ALWAYS_SEARCH_USER_PATHS = NO;
				ASSETCATALOG_COMPILER_GENERATE_SWIFT_ASSET_SYMBOL_EXTENSIONS = YES;
				CLANG_ANALYZER_NONNULL = YES;
				CLANG_ANALYZER_NUMBER_OBJECT_CONVERSION = YES_AGGRESSIVE;
				CLANG_CXX_LANGUAGE_STANDARD = "gnu++20";
				CLANG_ENABLE_MODULES = YES;
				CLANG_ENABLE_OBJC_ARC = YES;
				CLANG_ENABLE_OBJC_WEAK = YES;
				CLANG_WARN_BLOCK_CAPTURE_AUTORELEASING = YES;
				CLANG_WARN_BOOL_CONVERSION = YES;
				CLANG_WARN_COMMA = YES;
				CLANG_WARN_CONSTANT_CONVERSION = YES;
				CLANG_WARN_DEPRECATED_OBJC_IMPLEMENTATIONS = YES;
				CLANG_WARN_DIRECT_OBJC_ISA_USAGE = YES_ERROR;
				CLANG_WARN_DOCUMENTATION_COMMENTS = YES;
				CLANG_WARN_EMPTY_BODY = YES;
				CLANG_WARN_ENUM_CONVERSION = YES;
				CLANG_WARN_INFINITE_RECURSION = YES;
				CLANG_WARN_INT_CONVERSION = YES;
				CLANG_WARN_NON_LITERAL_NULL_CONVERSION = YES;
				CLANG_WARN_OBJC_IMPLICIT_RETAIN_SELF = YES;
				CLANG_WARN_OBJC_LITERAL_CONVERSION = YES;
				CLANG_WARN_OBJC_ROOT_CLASS = YES_ERROR;
				CLANG_WARN_QUOTED_INCLUDE_IN_FRAMEWORK_HEADER = YES;
				CLANG_WARN_RANGE_LOOP_ANALYSIS = YES;
				CLANG_WARN_STRICT_PROTOTYPES = YES;
				CLANG_WARN_SUSPICIOUS_MOVE = YES;
				CLANG_WARN_UNGUARDED_AVAILABILITY = YES_AGGRESSIVE;
				CLANG_WARN_UNREACHABLE_CODE = YES;
				CLANG_WARN__DUPLICATE_METHOD_MATCH = YES;
				COPY_PHASE_STRIP = NO;
				DEBUG_INFORMATION_FORMAT = dwarf;
				ENABLE_STRICT_OBJC_MSGSEND = YES;
				ENABLE_TESTABILITY = YES;
				ENABLE_USER_SCRIPT_SANDBOXING = YES;
				GCC_C_LANGUAGE_STANDARD = gnu17;
				GCC_DYNAMIC_NO_PIC = NO;
				GCC_NO_COMMON_BLOCKS = YES;
				GCC_OPTIMIZATION_LEVEL = 0;
				GCC_PREPROCESSOR_DEFINITIONS = (
					"DEBUG=1",
					"$(inherited)",
				);
				GCC_WARN_64_TO_32_BIT_CONVERSION = YES;
				GCC_WARN_ABOUT_RETURN_TYPE = YES_ERROR;
				GCC_WARN_UNDECLARED_SELECTOR = YES;
				GCC_WARN_UNINITIALIZED_AUTOS = YES_AGGRESSIVE;
				GCC_WARN_UNUSED_FUNCTION = YES;
				GCC_WARN_UNUSED_VARIABLE = YES;
				IPHONEOS_DEPLOYMENT_TARGET = 16.6;
				LOCALIZATION_PREFERS_STRING_CATALOGS = YES;
				MTL_ENABLE_DEBUG_INFO = INCLUDE_SOURCE;
				MTL_FAST_MATH = YES;
				ONLY_ACTIVE_ARCH = YES;
				SDKROOT = iphoneos;
				SWIFT_ACTIVE_COMPILATION_CONDITIONS = "DEBUG $(inherited)";
				SWIFT_OPTIMIZATION_LEVEL = "-Onone";
			};
			name = Debug;
		};
		04C996882B29E37F005CDBB7 /* Release */ = {
			isa = XCBuildConfiguration;
			buildSettings = {
				ALWAYS_SEARCH_USER_PATHS = NO;
				ASSETCATALOG_COMPILER_GENERATE_SWIFT_ASSET_SYMBOL_EXTENSIONS = YES;
				CLANG_ANALYZER_NONNULL = YES;
				CLANG_ANALYZER_NUMBER_OBJECT_CONVERSION = YES_AGGRESSIVE;
				CLANG_CXX_LANGUAGE_STANDARD = "gnu++20";
				CLANG_ENABLE_MODULES = YES;
				CLANG_ENABLE_OBJC_ARC = YES;
				CLANG_ENABLE_OBJC_WEAK = YES;
				CLANG_WARN_BLOCK_CAPTURE_AUTORELEASING = YES;
				CLANG_WARN_BOOL_CONVERSION = YES;
				CLANG_WARN_COMMA = YES;
				CLANG_WARN_CONSTANT_CONVERSION = YES;
				CLANG_WARN_DEPRECATED_OBJC_IMPLEMENTATIONS = YES;
				CLANG_WARN_DIRECT_OBJC_ISA_USAGE = YES_ERROR;
				CLANG_WARN_DOCUMENTATION_COMMENTS = YES;
				CLANG_WARN_EMPTY_BODY = YES;
				CLANG_WARN_ENUM_CONVERSION = YES;
				CLANG_WARN_INFINITE_RECURSION = YES;
				CLANG_WARN_INT_CONVERSION = YES;
				CLANG_WARN_NON_LITERAL_NULL_CONVERSION = YES;
				CLANG_WARN_OBJC_IMPLICIT_RETAIN_SELF = YES;
				CLANG_WARN_OBJC_LITERAL_CONVERSION = YES;
				CLANG_WARN_OBJC_ROOT_CLASS = YES_ERROR;
				CLANG_WARN_QUOTED_INCLUDE_IN_FRAMEWORK_HEADER = YES;
				CLANG_WARN_RANGE_LOOP_ANALYSIS = YES;
				CLANG_WARN_STRICT_PROTOTYPES = YES;
				CLANG_WARN_SUSPICIOUS_MOVE = YES;
				CLANG_WARN_UNGUARDED_AVAILABILITY = YES_AGGRESSIVE;
				CLANG_WARN_UNREACHABLE_CODE = YES;
				CLANG_WARN__DUPLICATE_METHOD_MATCH = YES;
				COPY_PHASE_STRIP = NO;
				DEBUG_INFORMATION_FORMAT = "dwarf-with-dsym";
				ENABLE_NS_ASSERTIONS = NO;
				ENABLE_STRICT_OBJC_MSGSEND = YES;
				ENABLE_USER_SCRIPT_SANDBOXING = YES;
				GCC_C_LANGUAGE_STANDARD = gnu17;
				GCC_NO_COMMON_BLOCKS = YES;
				GCC_WARN_64_TO_32_BIT_CONVERSION = YES;
				GCC_WARN_ABOUT_RETURN_TYPE = YES_ERROR;
				GCC_WARN_UNDECLARED_SELECTOR = YES;
				GCC_WARN_UNINITIALIZED_AUTOS = YES_AGGRESSIVE;
				GCC_WARN_UNUSED_FUNCTION = YES;
				GCC_WARN_UNUSED_VARIABLE = YES;
				IPHONEOS_DEPLOYMENT_TARGET = 16.6;
				LOCALIZATION_PREFERS_STRING_CATALOGS = YES;
				MTL_ENABLE_DEBUG_INFO = NO;
				MTL_FAST_MATH = YES;
				SDKROOT = iphoneos;
				SWIFT_COMPILATION_MODE = wholemodule;
				VALIDATE_PRODUCT = YES;
			};
			name = Release;
		};
		04C9968A2B29E37F005CDBB7 /* Debug */ = {
			isa = XCBuildConfiguration;
			buildSettings = {
				ASSETCATALOG_COMPILER_APPICON_NAME = AppIcon;
				ASSETCATALOG_COMPILER_GLOBAL_ACCENT_COLOR_NAME = AccentColor;
				CODE_SIGN_STYLE = Automatic;
				CURRENT_PROJECT_VERSION = 1;
				DEVELOPMENT_ASSET_PATHS = "\"CryptoApplication/Preview Content\"";
				DEVELOPMENT_TEAM = CPZ788HBN9;
				ENABLE_PREVIEWS = YES;
				GENERATE_INFOPLIST_FILE = YES;
				INFOPLIST_FILE = CryptoApplication/Info.plist;
				INFOPLIST_KEY_CFBundleDisplayName = "Crypto Tracker";
				INFOPLIST_KEY_LSApplicationCategoryType = "public.app-category.finance";
				INFOPLIST_KEY_UIApplicationSceneManifest_Generation = YES;
				INFOPLIST_KEY_UIApplicationSupportsIndirectInputEvents = YES;
				INFOPLIST_KEY_UISupportedInterfaceOrientations = UIInterfaceOrientationPortrait;
				IPHONEOS_DEPLOYMENT_TARGET = 16.6;
				LD_RUNPATH_SEARCH_PATHS = (
					"$(inherited)",
					"@executable_path/Frameworks",
				);
				MARKETING_VERSION = 1.0;
				PRODUCT_BUNDLE_IDENTIFIER = umitahmed.com.CryptoApplication;
				PRODUCT_NAME = "$(TARGET_NAME)";
				SUPPORTED_PLATFORMS = "iphoneos iphonesimulator";
				SUPPORTS_MACCATALYST = NO;
				SUPPORTS_MAC_DESIGNED_FOR_IPHONE_IPAD = NO;
				SWIFT_EMIT_LOC_STRINGS = YES;
				SWIFT_VERSION = 5.0;
				TARGETED_DEVICE_FAMILY = "1,2";
			};
			name = Debug;
		};
		04C9968B2B29E37F005CDBB7 /* Release */ = {
			isa = XCBuildConfiguration;
			buildSettings = {
				ASSETCATALOG_COMPILER_APPICON_NAME = AppIcon;
				ASSETCATALOG_COMPILER_GLOBAL_ACCENT_COLOR_NAME = AccentColor;
				CODE_SIGN_STYLE = Automatic;
				CURRENT_PROJECT_VERSION = 1;
				DEVELOPMENT_ASSET_PATHS = "\"CryptoApplication/Preview Content\"";
				DEVELOPMENT_TEAM = CPZ788HBN9;
				ENABLE_PREVIEWS = YES;
				GENERATE_INFOPLIST_FILE = YES;
				INFOPLIST_FILE = CryptoApplication/Info.plist;
				INFOPLIST_KEY_CFBundleDisplayName = "Crypto Tracker";
				INFOPLIST_KEY_LSApplicationCategoryType = "public.app-category.finance";
				INFOPLIST_KEY_UIApplicationSceneManifest_Generation = YES;
				INFOPLIST_KEY_UIApplicationSupportsIndirectInputEvents = YES;
				INFOPLIST_KEY_UISupportedInterfaceOrientations = UIInterfaceOrientationPortrait;
				IPHONEOS_DEPLOYMENT_TARGET = 16.6;
				LD_RUNPATH_SEARCH_PATHS = (
					"$(inherited)",
					"@executable_path/Frameworks",
				);
				MARKETING_VERSION = 1.0;
				PRODUCT_BUNDLE_IDENTIFIER = umitahmed.com.CryptoApplication;
				PRODUCT_NAME = "$(TARGET_NAME)";
				SUPPORTED_PLATFORMS = "iphoneos iphonesimulator";
				SUPPORTS_MACCATALYST = NO;
				SUPPORTS_MAC_DESIGNED_FOR_IPHONE_IPAD = NO;
				SWIFT_EMIT_LOC_STRINGS = YES;
				SWIFT_VERSION = 5.0;
				TARGETED_DEVICE_FAMILY = "1,2";
			};
			name = Release;
		};
/* End XCBuildConfiguration section */

/* Begin XCConfigurationList section */
		04C996762B29E37E005CDBB7 /* Build configuration list for PBXProject "CryptoApplication" */ = {
			isa = XCConfigurationList;
			buildConfigurations = (
				04C996872B29E37F005CDBB7 /* Debug */,
				04C996882B29E37F005CDBB7 /* Release */,
			);
			defaultConfigurationIsVisible = 0;
			defaultConfigurationName = Release;
		};
		04C996892B29E37F005CDBB7 /* Build configuration list for PBXNativeTarget "CryptoApplication" */ = {
			isa = XCConfigurationList;
			buildConfigurations = (
				04C9968A2B29E37F005CDBB7 /* Debug */,
				04C9968B2B29E37F005CDBB7 /* Release */,
			);
			defaultConfigurationIsVisible = 0;
			defaultConfigurationName = Release;
		};
/* End XCConfigurationList section */
	};
	rootObject = 04C996732B29E37E005CDBB7 /* Project object */;
}
